
Microsoft Visual Studio Solution File, Format Version 12.00
# Visual Studio Version 17
VisualStudioVersion = 17.0.31903.59
MinimumVisualStudioVersion = 10.0.40219.1
Project("{FAE04EC0-301F-11D3-BF4B-00C04F79EFBC}") = "Domain", "Domain\Domain.csproj", "{F3AF9582-9E40-422D-BBD7-E8AA31EA4606}"
EndProject
Project("{FAE04EC0-301F-11D3-BF4B-00C04F79EFBC}") = "Application", "Application\Application.csproj", "{35B51F62-2585-4EC1-9B1C-049769409AC3}"
EndProject
Project("{FAE04EC0-301F-11D3-BF4B-00C04F79EFBC}") = "Infrastructure", "Infrastructure\Infrastructure.csproj", "{07BC0A8B-3FAF-4130-9F00-ED1BF50113C5}"
EndProject
Project("{FAE04EC0-301F-11D3-BF4B-00C04F79EFBC}") = "Presentation", "Presentation\Presentation.csproj", "{8075982E-8647-4FCF-8636-694676B54C09}"
EndProject
Global
	GlobalSection(SolutionConfigurationPlatforms) = preSolution
		Debug|Any CPU = Debug|Any CPU
		Release|Any CPU = Release|Any CPU
	EndGlobalSection
	GlobalSection(SolutionProperties) = preSolution
		HideSolutionNode = FALSE
	EndGlobalSection
	GlobalSection(ProjectConfigurationPlatforms) = postSolution
		{F3AF9582-9E40-422D-BBD7-E8AA31EA4606}.Debug|Any CPU.ActiveCfg = Debug|Any CPU
		{F3AF9582-9E40-422D-BBD7-E8AA31EA4606}.Debug|Any CPU.Build.0 = Debug|Any CPU
		{F3AF9582-9E40-422D-BBD7-E8AA31EA4606}.Release|Any CPU.ActiveCfg = Release|Any CPU
		{F3AF9582-9E40-422D-BBD7-E8AA31EA4606}.Release|Any CPU.Build.0 = Release|Any CPU
		{35B51F62-2585-4EC1-9B1C-049769409AC3}.Debug|Any CPU.ActiveCfg = Debug|Any CPU
		{35B51F62-2585-4EC1-9B1C-049769409AC3}.Debug|Any CPU.Build.0 = Debug|Any CPU
		{35B51F62-2585-4EC1-9B1C-049769409AC3}.Release|Any CPU.ActiveCfg = Release|Any CPU
		{35B51F62-2585-4EC1-9B1C-049769409AC3}.Release|Any CPU.Build.0 = Release|Any CPU
		{07BC0A8B-3FAF-4130-9F00-ED1BF50113C5}.Debug|Any CPU.ActiveCfg = Debug|Any CPU
		{07BC0A8B-3FAF-4130-9F00-ED1BF50113C5}.Debug|Any CPU.Build.0 = Debug|Any CPU
		{07BC0A8B-3FAF-4130-9F00-ED1BF50113C5}.Release|Any CPU.ActiveCfg = Release|Any CPU
		{07BC0A8B-3FAF-4130-9F00-ED1BF50113C5}.Release|Any CPU.Build.0 = Release|Any CPU
		{8075982E-8647-4FCF-8636-694676B54C09}.Debug|Any CPU.ActiveCfg = Debug|Any CPU
		{8075982E-8647-4FCF-8636-694676B54C09}.Debug|Any CPU.Build.0 = Debug|Any CPU
		{8075982E-8647-4FCF-8636-694676B54C09}.Release|Any CPU.ActiveCfg = Release|Any CPU
		{8075982E-8647-4FCF-8636-694676B54C09}.Release|Any CPU.Build.0 = Release|Any CPU
	EndGlobalSection
EndGlobal
